{
  "originHash" : "48c35a372c8faadea110ec2084a26bccb37fd6ff5110d6675386e64d2107880d",
  "pins" : [
    {
      "identity" : "wwnetworking",
      "kind" : "remoteSourceControl",
      "location" : "https://github.com/William-Weng/WWNetworking",
      "state" : {
        "revision" : "d78dee659735d1123c1f5296330d0e3a5a612e2b",
        "version" : "2.1.4"
      }
    },
    {
      "identity" : "wwsvgimageview",
      "kind" : "remoteSourceControl",
      "location" : "https://github.com/William-Weng/WWSVGImageView",
      "state" : {
        "revision" : "c3118da8460fb998d7436f9912e70cda9a796327",
        "version" : "1.0.2"
      }
    }
  ],
  "version" : 3
}
