{
  "originHash" : "a56172dd2995bf79716fc8e96176c1f878ed9fc817d81c7e792e79a3417422ee",
  "pins" : [
    {
      "identity" : "wwsvgimageview",
      "kind" : "remoteSourceControl",
      "location" : "https://github.com/William-Weng/WWSVGImageView",
      "state" : {
        "revision" : "c3118da8460fb998d7436f9912e70cda9a796327",
        "version" : "1.0.2"
      }
    }
  ],
  "version" : 3
}
