{
  "originHash" : "a56172dd2995bf79716fc8e96176c1f878ed9fc817d81c7e792e79a3417422ee",
  "pins" : [
    {
      "identity" : "wwsvgimageview",
      "kind" : "remoteSourceControl",
      "location" : "https://github.com/William-Weng/WWSVGImageView",
      "state" : {
        "revision" : "423d57b362390d051e125ea5bafe3331ee222c10",
        "version" : "1.0.1"
      }
    }
  ],
  "version" : 3
}
